// !$*UTF8*$!
{
	archiveVersion = 1;
	classes = {
	};
	objectVersion = 46;
	objects = {

/* Begin PBXBuildFile section */
		082FA6C21B11518500F47446 /* AppDelegate.swift in Sources */ = {isa = PBXBuildFile; fileRef = 082FA6C11B11518500F47446 /* AppDelegate.swift */; };
		082FA6C41B11518500F47446 /* RecordSoundsViewController.swift in Sources */ = {isa = PBXBuildFile; fileRef = 082FA6C31B11518500F47446 /* RecordSoundsViewController.swift */; };
		082FA6C71B11518500F47446 /* Main.storyboard in Resources */ = {isa = PBXBuildFile; fileRef = 082FA6C51B11518500F47446 /* Main.storyboard */; };
		082FA6C91B11518500F47446 /* Images.xcassets in Resources */ = {isa = PBXBuildFile; fileRef = 082FA6C81B11518500F47446 /* Images.xcassets */; };
		082FA6CC1B11518500F47446 /* LaunchScreen.xib in Resources */ = {isa = PBXBuildFile; fileRef = 082FA6CA1B11518500F47446 /* LaunchScreen.xib */; };
		082FA6D81B11518500F47446 /* Pitch_PerfectTests.swift in Sources */ = {isa = PBXBuildFile; fileRef = 082FA6D71B11518500F47446 /* Pitch_PerfectTests.swift */; };
		08D8D68E1B125D1500316072 /* PlaySoundsViewController.swift in Sources */ = {isa = PBXBuildFile; fileRef = 08D8D68D1B125D1500316072 /* PlaySoundsViewController.swift */; };
		08D8D6901B1385C000316072 /* movie_quote.mp3 in Resources */ = {isa = PBXBuildFile; fileRef = 08D8D68F1B1385C000316072 /* movie_quote.mp3 */; };
		08D8D6961B15782700316072 /* RecordedAudio.swift in Sources */ = {isa = PBXBuildFile; fileRef = 08D8D6951B15782700316072 /* RecordedAudio.swift */; };
/* End PBXBuildFile section */

/* Begin PBXContainerItemProxy section */
		082FA6D21B11518500F47446 /* PBXContainerItemProxy */ = {
			isa = PBXContainerItemProxy;
			containerPortal = 082FA6B41B11518500F47446 /* Project object */;
			proxyType = 1;
			remoteGlobalIDString = 082FA6BB1B11518500F47446;
			remoteInfo = "Pitch Perfect";
		};
/* End PBXContainerItemProxy section */

/* Begin PBXFileReference section */
		082FA6BC1B11518500F47446 /* Pitch Perfect.app */ = {isa = PBXFileReference; explicitFileType = wrapper.application; includeInIndex = 0; path = "Pitch Perfect.app"; sourceTree = BUILT_PRODUCTS_DIR; };
		082FA6C01B11518500F47446 /* Info.plist */ = {isa = PBXFileReference; lastKnownFileType = text.plist.xml; path = Info.plist; sourceTree = "<group>"; };
		082FA6C11B11518500F47446 /* AppDelegate.swift */ = {isa = PBXFileReference; lastKnownFileType = sourcecode.swift; path = AppDelegate.swift; sourceTree = "<group>"; };
		082FA6C31B11518500F47446 /* RecordSoundsViewController.swift */ = {isa = PBXFileReference; lastKnownFileType = sourcecode.swift; path = RecordSoundsViewController.swift; sourceTree = "<group>"; };
		082FA6C61B11518500F47446 /* Base */ = {isa = PBXFileReference; lastKnownFileType = file.storyboard; name = Base; path = Base.lproj/Main.storyboard; sourceTree = "<group>"; };
		082FA6C81B11518500F47446 /* Images.xcassets */ = {isa = PBXFileReference; lastKnownFileType = folder.assetcatalog; path = Images.xcassets; sourceTree = "<group>"; };
		082FA6CB1B11518500F47446 /* Base */ = {isa = PBXFileReference; lastKnownFileType = file.xib; name = Base; path = Base.lproj/LaunchScreen.xib; sourceTree = "<group>"; };
		082FA6D11B11518500F47446 /* Pitch PerfectTests.xctest */ = {isa = PBXFileReference; explicitFileType = wrapper.cfbundle; includeInIndex = 0; path = "Pitch PerfectTests.xctest"; sourceTree = BUILT_PRODUCTS_DIR; };
		082FA6D61B11518500F47446 /* Info.plist */ = {isa = PBXFileReference; lastKnownFileType = text.plist.xml; path = Info.plist; sourceTree = "<group>"; };
		082FA6D71B11518500F47446 /* Pitch_PerfectTests.swift */ = {isa = PBXFileReference; lastKnownFileType = sourcecode.swift; path = Pitch_PerfectTests.swift; sourceTree = "<group>"; };
		08D8D68D1B125D1500316072 /* PlaySoundsViewController.swift */ = {isa = PBXFileReference; fileEncoding = 4; lastKnownFileType = sourcecode.swift; path = PlaySoundsViewController.swift; sourceTree = "<group>"; };
		08D8D68F1B1385C000316072 /* movie_quote.mp3 */ = {isa = PBXFileReference; lastKnownFileType = audio.mp3; name = movie_quote.mp3; path = "../Pitch Perfect/movie_quote.mp3"; sourceTree = "<group>"; };
		08D8D6951B15782700316072 /* RecordedAudio.swift */ = {isa = PBXFileReference; fileEncoding = 4; lastKnownFileType = sourcecode.swift; path = RecordedAudio.swift; sourceTree = "<group>"; };
/* End PBXFileReference section */

/* Begin PBXFrameworksBuildPhase section */
		082FA6B91B11518500F47446 /* Frameworks */ = {
			isa = PBXFrameworksBuildPhase;
			buildActionMask = 2147483647;
			files = (
			);
			runOnlyForDeploymentPostprocessing = 0;
		};
		082FA6CE1B11518500F47446 /* Frameworks */ = {
			isa = PBXFrameworksBuildPhase;
			buildActionMask = 2147483647;
			files = (
			);
			runOnlyForDeploymentPostprocessing = 0;
		};
/* End PBXFrameworksBuildPhase section */

/* Begin PBXGroup section */
		082FA6B31B11518500F47446 = {
			isa = PBXGroup;
			children = (
				082FA6BE1B11518500F47446 /* Pitch Perfect */,
				082FA6D41B11518500F47446 /* Pitch PerfectTests */,
				082FA6BD1B11518500F47446 /* Products */,
			);
			sourceTree = "<group>";
		};
		082FA6BD1B11518500F47446 /* Products */ = {
			isa = PBXGroup;
			children = (
				082FA6BC1B11518500F47446 /* Pitch Perfect.app */,
				082FA6D11B11518500F47446 /* Pitch PerfectTests.xctest */,
			);
			name = Products;
			sourceTree = "<group>";
		};
		082FA6BE1B11518500F47446 /* Pitch Perfect */ = {
			isa = PBXGroup;
			children = (
				082FA6C11B11518500F47446 /* AppDelegate.swift */,
				082FA6C31B11518500F47446 /* RecordSoundsViewController.swift */,
				082FA6C51B11518500F47446 /* Main.storyboard */,
				08D8D6951B15782700316072 /* RecordedAudio.swift */,
				08D8D68D1B125D1500316072 /* PlaySoundsViewController.swift */,
				082FA6C81B11518500F47446 /* Images.xcassets */,
				082FA6CA1B11518500F47446 /* LaunchScreen.xib */,
				082FA6BF1B11518500F47446 /* Supporting Files */,
			);
			path = "Pitch Perfect";
			sourceTree = "<group>";
		};
		082FA6BF1B11518500F47446 /* Supporting Files */ = {
			isa = PBXGroup;
			children = (
				082FA6C01B11518500F47446 /* Info.plist */,
			);
			name = "Supporting Files";
			sourceTree = "<group>";
		};
		082FA6D41B11518500F47446 /* Pitch PerfectTests */ = {
			isa = PBXGroup;
			children = (
				082FA6D71B11518500F47446 /* Pitch_PerfectTests.swift */,
				082FA6D51B11518500F47446 /* Supporting Files */,
			);
			path = "Pitch PerfectTests";
			sourceTree = "<group>";
		};
		082FA6D51B11518500F47446 /* Supporting Files */ = {
			isa = PBXGroup;
			children = (
				08D8D68F1B1385C000316072 /* movie_quote.mp3 */,
				082FA6D61B11518500F47446 /* Info.plist */,
			);
			name = "Supporting Files";
			sourceTree = "<group>";
		};
/* End PBXGroup section */

/* Begin PBXNativeTarget section */
		082FA6BB1B11518500F47446 /* Pitch Perfect */ = {
			isa = PBXNativeTarget;
			buildConfigurationList = 082FA6DB1B11518500F47446 /* Build configuration list for PBXNativeTarget "Pitch Perfect" */;
			buildPhases = (
				082FA6B81B11518500F47446 /* Sources */,
				082FA6B91B11518500F47446 /* Frameworks */,
				082FA6BA1B11518500F47446 /* Resources */,
			);
			buildRules = (
			);
			dependencies = (
			);
			name = "Pitch Perfect";
			productName = "Pitch Perfect";
			productReference = 082FA6BC1B11518500F47446 /* Pitch Perfect.app */;
			productType = "com.apple.product-type.application";
		};
		082FA6D01B11518500F47446 /* Pitch PerfectTests */ = {
			isa = PBXNativeTarget;
			buildConfigurationList = 082FA6DE1B11518500F47446 /* Build configuration list for PBXNativeTarget "Pitch PerfectTests" */;
			buildPhases = (
				082FA6CD1B11518500F47446 /* Sources */,
				082FA6CE1B11518500F47446 /* Frameworks */,
				082FA6CF1B11518500F47446 /* Resources */,
			);
			buildRules = (
			);
			dependencies = (
				082FA6D31B11518500F47446 /* PBXTargetDependency */,
			);
			name = "Pitch PerfectTests";
			productName = "Pitch PerfectTests";
			productReference = 082FA6D11B11518500F47446 /* Pitch PerfectTests.xctest */;
			productType = "com.apple.product-type.bundle.unit-test";
		};
/* End PBXNativeTarget section */

/* Begin PBXProject section */
		082FA6B41B11518500F47446 /* Project object */ = {
			isa = PBXProject;
			attributes = {
				LastUpgradeCheck = 0630;
				ORGANIZATIONNAME = "Ruihan Zou";
				TargetAttributes = {
					082FA6BB1B11518500F47446 = {
						CreatedOnToolsVersion = 6.3.2;
					};
					082FA6D01B11518500F47446 = {
						CreatedOnToolsVersion = 6.3.2;
						TestTargetID = 082FA6BB1B11518500F47446;
					};
				};
			};
			buildConfigurationList = 082FA6B71B11518500F47446 /* Build configuration list for PBXProject "Pitch Perfect" */;
			compatibilityVersion = "Xcode 3.2";
			developmentRegion = English;
			hasScannedForEncodings = 0;
			knownRegions = (
				en,
				Base,
			);
			mainGroup = 082FA6B31B11518500F47446;
			productRefGroup = 082FA6BD1B11518500F47446 /* Products */;
			projectDirPath = "";
			projectRoot = "";
			targets = (
				082FA6BB1B11518500F47446 /* Pitch Perfect */,
				082FA6D01B11518500F47446 /* Pitch PerfectTests */,
			);
		};
/* End PBXProject section */

/* Begin PBXResourcesBuildPhase section */
		082FA6BA1B11518500F47446 /* Resources */ = {
			isa = PBXResourcesBuildPhase;
			buildActionMask = 2147483647;
			files = (
				082FA6C71B11518500F47446 /* Main.storyboard in Resources */,
				082FA6CC1B11518500F47446 /* LaunchScreen.xib in Resources */,
				08D8D6901B1385C000316072 /* movie_quote.mp3 in Resources */,
				082FA6C91B11518500F47446 /* Images.xcassets in Resources */,
			);
			runOnlyForDeploymentPostprocessing = 0;
		};
		082FA6CF1B11518500F47446 /* Resources */ = {
			isa = PBXResourcesBuildPhase;
			buildActionMask = 2147483647;
			files = (
			);
			runOnlyForDeploymentPostprocessing = 0;
		};
/* End PBXResourcesBuildPhase section */

/* Begin PBXSourcesBuildPhase section */
		082FA6B81B11518500F47446 /* Sources */ = {
			isa = PBXSourcesBuildPhase;
			buildActionMask = 2147483647;
			files = (
				08D8D6961B15782700316072 /* RecordedAudio.swift in Sources */,
				082FA6C41B11518500F47446 /* RecordSoundsViewController.swift in Sources */,
				08D8D68E1B125D1500316072 /* PlaySoundsViewController.swift in Sources */,
				082FA6C21B11518500F47446 /* AppDelegate.swift in Sources */,
			);
			runOnlyForDeploymentPostprocessing = 0;
		};
		082FA6CD1B11518500F47446 /* Sources */ = {
			isa = PBXSourcesBuildPhase;
			buildActionMask = 2147483647;
			files = (
				082FA6D81B11518500F47446 /* Pitch_PerfectTests.swift in Sources */,
			);
			runOnlyForDeploymentPostprocessing = 0;
		};
/* End PBXSourcesBuildPhase section */

/* Begin PBXTargetDependency section */
		082FA6D31B11518500F47446 /* PBXTargetDependency */ = {
			isa = PBXTargetDependency;
			target = 082FA6BB1B11518500F47446 /* Pitch Perfect */;
			targetProxy = 082FA6D21B11518500F47446 /* PBXContainerItemProxy */;
		};
/* End PBXTargetDependency section */

/* Begin PBXVariantGroup section */
		082FA6C51B11518500F47446 /* Main.storyboard */ = {
			isa = PBXVariantGroup;
			children = (
				082FA6C61B11518500F47446 /* Base */,
			);
			name = Main.storyboard;
			sourceTree = "<group>";
		};
		082FA6CA1B11518500F47446 /* LaunchScreen.xib */ = {
			isa = PBXVariantGroup;
			children = (
				082FA6CB1B11518500F47446 /* Base */,
			);
			name = LaunchScreen.xib;
			sourceTree = "<group>";
		};
/* End PBXVariantGroup section */

/* Begin XCBuildConfiguration section */
		082FA6D91B11518500F47446 /* Debug */ = {
			isa = XCBuildConfiguration;
			buildSettings = {
				ALWAYS_SEARCH_USER_PATHS = NO;
				CLANG_CXX_LANGUAGE_STANDARD = "gnu++0x";
				CLANG_CXX_LIBRARY = "libc++";
				CLANG_ENABLE_MODULES = YES;
				CLANG_ENABLE_OBJC_ARC = YES;
				CLANG_WARN_BOOL_CONVERSION = YES;
				CLANG_WARN_CONSTANT_CONVERSION = YES;
				CLANG_WARN_DIRECT_OBJC_ISA_USAGE = YES_ERROR;
				CLANG_WARN_EMPTY_BODY = YES;
				CLANG_WARN_ENUM_CONVERSION = YES;
				CLANG_WARN_INT_CONVERSION = YES;
				CLANG_WARN_OBJC_ROOT_CLASS = YES_ERROR;
				CLANG_WARN_UNREACHABLE_CODE = YES;
				CLANG_WARN__DUPLICATE_METHOD_MATCH = YES;
				"CODE_SIGN_IDENTITY[sdk=iphoneos*]" = "iPhone Developer";
				COPY_PHASE_STRIP = NO;
				DEBUG_INFORMATION_FORMAT = "dwarf-with-dsym";
				ENABLE_STRICT_OBJC_MSGSEND = YES;
				GCC_C_LANGUAGE_STANDARD = gnu99;
				GCC_DYNAMIC_NO_PIC = NO;
				GCC_NO_COMMON_BLOCKS = YES;
				GCC_OPTIMIZATION_LEVEL = 0;
				GCC_PREPROCESSOR_DEFINITIONS = (
					"DEBUG=1",
					"$(inherited)",
				);
				GCC_SYMBOLS_PRIVATE_EXTERN = NO;
				GCC_WARN_64_TO_32_BIT_CONVERSION = YES;
				GCC_WARN_ABOUT_RETURN_TYPE = YES_ERROR;
				GCC_WARN_UNDECLARED_SELECTOR = YES;
				GCC_WARN_UNINITIALIZED_AUTOS = YES_AGGRESSIVE;
				GCC_WARN_UNUSED_FUNCTION = YES;
				GCC_WARN_UNUSED_VARIABLE = YES;
				IPHONEOS_DEPLOYMENT_TARGET = 8.3;
				MTL_ENABLE_DEBUG_INFO = YES;
				ONLY_ACTIVE_ARCH = YES;
				SDKROOT = iphoneos;
				SWIFT_OPTIMIZATION_LEVEL = "-Onone";
			};
			name = Debug;
		};
		082FA6DA1B11518500F47446 /* Release */ = {
			isa = XCBuildConfiguration;
			buildSettings = {
				ALWAYS_SEARCH_USER_PATHS = NO;
				CLANG_CXX_LANGUAGE_STANDARD = "gnu++0x";
				CLANG_CXX_LIBRARY = "libc++";
				CLANG_ENABLE_MODULES = YES;
				CLANG_ENABLE_OBJC_ARC = YES;
				CLANG_WARN_BOOL_CONVERSION = YES;
				CLANG_WARN_CONSTANT_CONVERSION = YES;
				CLANG_WARN_DIRECT_OBJC_ISA_USAGE = YES_ERROR;
				CLANG_WARN_EMPTY_BODY = YES;
				CLANG_WARN_ENUM_CONVERSION = YES;
				CLANG_WARN_INT_CONVERSION = YES;
				CLANG_WARN_OBJC_ROOT_CLASS = YES_ERROR;
				CLANG_WARN_UNREACHABLE_CODE = YES;
				CLANG_WARN__DUPLICATE_METHOD_MATCH = YES;
				"CODE_SIGN_IDENTITY[sdk=iphoneos*]" = "iPhone Developer";
				COPY_PHASE_STRIP = NO;
				DEBUG_INFORMATION_FORMAT = "dwarf-with-dsym";
				ENABLE_NS_ASSERTIONS = NO;
				ENABLE_STRICT_OBJC_MSGSEND = YES;
				GCC_C_LANGUAGE_STANDARD = gnu99;
				GCC_NO_COMMON_BLOCKS = YES;
				GCC_WARN_64_TO_32_BIT_CONVERSION = YES;
				GCC_WARN_ABOUT_RETURN_TYPE = YES_ERROR;
				GCC_WARN_UNDECLARED_SELECTOR = YES;
				GCC_WARN_UNINITIALIZED_AUTOS = YES_AGGRESSIVE;
				GCC_WARN_UNUSED_FUNCTION = YES;
				GCC_WARN_UNUSED_VARIABLE = YES;
				IPHONEOS_DEPLOYMENT_TARGET = 8.3;
				MTL_ENABLE_DEBUG_INFO = NO;
				SDKROOT = iphoneos;
				VALIDATE_PRODUCT = YES;
			};
			name = Release;
		};
		082FA6DC1B11518500F47446 /* Debug */ = {
			isa = XCBuildConfiguration;
			buildSettings = {
				ASSETCATALOG_COMPILER_APPICON_NAME = AppIcon;
				INFOPLIST_FILE = "Pitch Perfect/Info.plist";
				LD_RUNPATH_SEARCH_PATHS = "$(inherited) @executable_path/Frameworks";
				PRODUCT_NAME = "$(TARGET_NAME)";
			};
			name = Debug;
		};
		082FA6DD1B11518500F47446 /* Release */ = {
			isa = XCBuildConfiguration;
			buildSettings = {
				ASSETCATALOG_COMPILER_APPICON_NAME = AppIcon;
				INFOPLIST_FILE = "Pitch Perfect/Info.plist";
				LD_RUNPATH_SEARCH_PATHS = "$(inherited) @executable_path/Frameworks";
				PRODUCT_NAME = "$(TARGET_NAME)";
			};
			name = Release;
		};
		082FA6DF1B11518500F47446 /* Debug */ = {
			isa = XCBuildConfiguration;
			buildSettings = {
				BUNDLE_LOADER = "$(TEST_HOST)";
				FRAMEWORK_SEARCH_PATHS = (
					"$(SDKROOT)/Developer/Library/Frameworks",
					"$(inherited)",
				);
				GCC_PREPROCESSOR_DEFINITIONS = (
					"DEBUG=1",
					"$(inherited)",
				);
				INFOPLIST_FILE = "Pitch PerfectTests/Info.plist";
				LD_RUNPATH_SEARCH_PATHS = "$(inherited) @executable_path/Frameworks @loader_path/Frameworks";
				PRODUCT_NAME = "$(TARGET_NAME)";
				TEST_HOST = "$(BUILT_PRODUCTS_DIR)/Pitch Perfect.app/Pitch Perfect";
			};
			name = Debug;
		};
		082FA6E01B11518500F47446 /* Release */ = {
			isa = XCBuildConfiguration;
			buildSettings = {
				BUNDLE_LOADER = "$(TEST_HOST)";
				FRAMEWORK_SEARCH_PATHS = (
					"$(SDKROOT)/Developer/Library/Frameworks",
					"$(inherited)",
				);
				INFOPLIST_FILE = "Pitch PerfectTests/Info.plist";
				LD_RUNPATH_SEARCH_PATHS = "$(inherited) @executable_path/Frameworks @loader_path/Frameworks";
				PRODUCT_NAME = "$(TARGET_NAME)";
				TEST_HOST = "$(BUILT_PRODUCTS_DIR)/Pitch Perfect.app/Pitch Perfect";
			};
			name = Release;
		};
/* End XCBuildConfiguration section */

/* Begin XCConfigurationList section */
		082FA6B71B11518500F47446 /* Build configuration list for PBXProject "Pitch Perfect" */ = {
			isa = XCConfigurationList;
			buildConfigurations = (
				082FA6D91B11518500F47446 /* Debug */,
				082FA6DA1B11518500F47446 /* Release */,
			);
			defaultConfigurationIsVisible = 0;
			defaultConfigurationName = Release;
		};
		082FA6DB1B11518500F47446 /* Build configuration list for PBXNativeTarget "Pitch Perfect" */ = {
			isa = XCConfigurationList;
			buildConfigurations = (
				082FA6DC1B11518500F47446 /* Debug */,
				082FA6DD1B11518500F47446 /* Release */,
			);
			defaultConfigurationIsVisible = 0;
			defaultConfigurationName = Release;
		};
		082FA6DE1B11518500F47446 /* Build configuration list for PBXNativeTarget "Pitch PerfectTests" */ = {
			isa = XCConfigurationList;
			buildConfigurations = (
				082FA6DF1B11518500F47446 /* Debug */,
				082FA6E01B11518500F47446 /* Release */,
			);
			defaultConfigurationIsVisible = 0;
			defaultConfigurationName = Release;
		};
/* End XCConfigurationList section */
	};
	rootObject = 082FA6B41B11518500F47446 /* Project object */;
}
